
Microsoft Visual Studio Solution File, Format Version 12.00
# Visual Studio Version 16
VisualStudioVersion = 16.0.32510.428
MinimumVisualStudioVersion = 10.0.40219.1
Project("{8BC9CEB8-8B4A-11D0-8D11-00A0C91BC942}") = "thread_test", "thread_test\thread_test.vcxproj", "{0566C8D0-3D64-4EB6-A203-D81A83AAEFD1}"
EndProject
Global
	GlobalSection(SolutionConfigurationPlatforms) = preSolution
		Debug|x64 = Debug|x64
		Debug|x86 = Debug|x86
		Release|x64 = Release|x64
		Release|x86 = Release|x86
	EndGlobalSection
	GlobalSection(ProjectConfigurationPlatforms) = postSolution
		{0566C8D0-3D64-4EB6-A203-D81A83AAEFD1}.Debug|x64.ActiveCfg = Debug|x64
		{0566C8D0-3D64-4EB6-A203-D81A83AAEFD1}.Debug|x64.Build.0 = Debug|x64
		{0566C8D0-3D64-4EB6-A203-D81A83AAEFD1}.Debug|x86.ActiveCfg = Debug|Win32
		{0566C8D0-3D64-4EB6-A203-D81A83AAEFD1}.Debug|x86.Build.0 = Debug|Win32
		{0566C8D0-3D64-4EB6-A203-D81A83AAEFD1}.Release|x64.ActiveCfg = Release|x64
		{0566C8D0-3D64-4EB6-A203-D81A83AAEFD1}.Release|x64.Build.0 = Release|x64
		{0566C8D0-3D64-4EB6-A203-D81A83AAEFD1}.Release|x86.ActiveCfg = Release|Win32
		{0566C8D0-3D64-4EB6-A203-D81A83AAEFD1}.Release|x86.Build.0 = Release|Win32
	EndGlobalSection
	GlobalSection(SolutionProperties) = preSolution
		HideSolutionNode = FALSE
	EndGlobalSection
	GlobalSection(ExtensibilityGlobals) = postSolution
		SolutionGuid = {BD658E30-D7BA-4C30-9F09-16F4F67C3348}
	EndGlobalSection
EndGlobal
